
Microsoft Visual Studio Solution File, Format Version 12.00
# Visual Studio Version 17
VisualStudioVersion = 17.3.32901.215
MinimumVisualStudioVersion = 10.0.40219.1
Project("{9A19103F-16F7-4668-BE54-9A1E7A4F7556}") = "cafeconmiel", "cafeconmiel.csproj", "{88D0A802-6FC5-4407-9361-DB18611F64E4}"
EndProject
Project("{E53339B2-1760-4266-BCC7-CA923CBCF16C}") = "docker-compose", "docker-compose.dcproj", "{47D42C4A-F0DF-4149-80A1-A827306CE28C}"
EndProject
Global
	GlobalSection(SolutionConfigurationPlatforms) = preSolution
		Debug|Any CPU = Debug|Any CPU
		Release|Any CPU = Release|Any CPU
	EndGlobalSection
	GlobalSection(ProjectConfigurationPlatforms) = postSolution
		{88D0A802-6FC5-4407-9361-DB18611F64E4}.Debug|Any CPU.ActiveCfg = Debug|Any CPU
		{88D0A802-6FC5-4407-9361-DB18611F64E4}.Debug|Any CPU.Build.0 = Debug|Any CPU
		{88D0A802-6FC5-4407-9361-DB18611F64E4}.Release|Any CPU.ActiveCfg = Release|Any CPU
		{88D0A802-6FC5-4407-9361-DB18611F64E4}.Release|Any CPU.Build.0 = Release|Any CPU
		{47D42C4A-F0DF-4149-80A1-A827306CE28C}.Debug|Any CPU.ActiveCfg = Debug|Any CPU
		{47D42C4A-F0DF-4149-80A1-A827306CE28C}.Debug|Any CPU.Build.0 = Debug|Any CPU
		{47D42C4A-F0DF-4149-80A1-A827306CE28C}.Release|Any CPU.ActiveCfg = Release|Any CPU
		{47D42C4A-F0DF-4149-80A1-A827306CE28C}.Release|Any CPU.Build.0 = Release|Any CPU
	EndGlobalSection
	GlobalSection(SolutionProperties) = preSolution
		HideSolutionNode = FALSE
	EndGlobalSection
	GlobalSection(ExtensibilityGlobals) = postSolution
		SolutionGuid = {436F2CD6-EE3B-4CCD-B163-B13E7C9651A3}
	EndGlobalSection
EndGlobal
